// !$*UTF8*$!
{
	archiveVersion = 1;
	classes = {
	};
	objectVersion = 56;
	objects = {

/* Begin PBXBuildFile section */
		FA85A6B02C6AC1420028A2ED /* testiOSDeveloperApp.swift in Sources */ = {isa = PBXBuildFile; fileRef = FA85A6AF2C6AC1420028A2ED /* testiOSDeveloperApp.swift */; };
		FA85A6B22C6AC1420028A2ED /* ContentView.swift in Sources */ = {isa = PBXBuildFile; fileRef = FA85A6B12C6AC1420028A2ED /* ContentView.swift */; };
		FA85A6B42C6AC1430028A2ED /* Assets.xcassets in Resources */ = {isa = PBXBuildFile; fileRef = FA85A6B32C6AC1430028A2ED /* Assets.xcassets */; };
		FA85A6B82C6AC1430028A2ED /* Preview Assets.xcassets in Resources */ = {isa = PBXBuildFile; fileRef = FA85A6B72C6AC1430028A2ED /* Preview Assets.xcassets */; };
		FA85A6C22C6AC1440028A2ED /* testiOSDeveloperTests.swift in Sources */ = {isa = PBXBuildFile; fileRef = FA85A6C12C6AC1440028A2ED /* testiOSDeveloperTests.swift */; };
		FA85A6CC2C6AC1440028A2ED /* testiOSDeveloperUITests.swift in Sources */ = {isa = PBXBuildFile; fileRef = FA85A6CB2C6AC1440028A2ED /* testiOSDeveloperUITests.swift */; };
		FA85A6CE2C6AC1440028A2ED /* testiOSDeveloperUITestsLaunchTests.swift in Sources */ = {isa = PBXBuildFile; fileRef = FA85A6CD2C6AC1440028A2ED /* testiOSDeveloperUITestsLaunchTests.swift */; };
		FAE0074B2C6BF325007EC95A /* PokemonType.swift in Sources */ = {isa = PBXBuildFile; fileRef = FAE0074A2C6BF325007EC95A /* PokemonType.swift */; };
		FAE0074D2C6BF33E007EC95A /* PokemonApiService.swift in Sources */ = {isa = PBXBuildFile; fileRef = FAE0074C2C6BF33E007EC95A /* PokemonApiService.swift */; };
		FAE0074F2C6BF35D007EC95A /* PokemonTypeViewModel.swift in Sources */ = {isa = PBXBuildFile; fileRef = FAE0074E2C6BF35D007EC95A /* PokemonTypeViewModel.swift */; };
		FAE007512C6BF385007EC95A /* PokemonTypeView.swift in Sources */ = {isa = PBXBuildFile; fileRef = FAE007502C6BF385007EC95A /* PokemonTypeView.swift */; };
		FAE007532C6BF4C9007EC95A /* PokemonTypeResponse.swift in Sources */ = {isa = PBXBuildFile; fileRef = FAE007522C6BF4C9007EC95A /* PokemonTypeResponse.swift */; };
		FAE007552C6BFA99007EC95A /* PokemonTypeDetail.swift in Sources */ = {isa = PBXBuildFile; fileRef = FAE007542C6BFA99007EC95A /* PokemonTypeDetail.swift */; };
		FAE007572C6BFAC5007EC95A /* PokemonTypeDetailViewModel.swift in Sources */ = {isa = PBXBuildFile; fileRef = FAE007562C6BFAC5007EC95A /* PokemonTypeDetailViewModel.swift */; };
		FAE007592C6BFAE6007EC95A /* PokemonTypeDetailView.swift in Sources */ = {isa = PBXBuildFile; fileRef = FAE007582C6BFAE6007EC95A /* PokemonTypeDetailView.swift */; };
/* End PBXBuildFile section */

/* Begin PBXContainerItemProxy section */
		FA85A6BE2C6AC1440028A2ED /* PBXContainerItemProxy */ = {
			isa = PBXContainerItemProxy;
			containerPortal = FA85A6A42C6AC1420028A2ED /* Project object */;
			proxyType = 1;
			remoteGlobalIDString = FA85A6AB2C6AC1420028A2ED;
			remoteInfo = testiOSDeveloper;
		};
		FA85A6C82C6AC1440028A2ED /* PBXContainerItemProxy */ = {
			isa = PBXContainerItemProxy;
			containerPortal = FA85A6A42C6AC1420028A2ED /* Project object */;
			proxyType = 1;
			remoteGlobalIDString = FA85A6AB2C6AC1420028A2ED;
			remoteInfo = testiOSDeveloper;
		};
/* End PBXContainerItemProxy section */

/* Begin PBXFileReference section */
		FA85A6AC2C6AC1420028A2ED /* testiOSDeveloper.app */ = {isa = PBXFileReference; explicitFileType = wrapper.application; includeInIndex = 0; path = testiOSDeveloper.app; sourceTree = BUILT_PRODUCTS_DIR; };
		FA85A6AF2C6AC1420028A2ED /* testiOSDeveloperApp.swift */ = {isa = PBXFileReference; lastKnownFileType = sourcecode.swift; path = testiOSDeveloperApp.swift; sourceTree = "<group>"; };
		FA85A6B12C6AC1420028A2ED /* ContentView.swift */ = {isa = PBXFileReference; lastKnownFileType = sourcecode.swift; path = ContentView.swift; sourceTree = "<group>"; };
		FA85A6B32C6AC1430028A2ED /* Assets.xcassets */ = {isa = PBXFileReference; lastKnownFileType = folder.assetcatalog; path = Assets.xcassets; sourceTree = "<group>"; };
		FA85A6B52C6AC1430028A2ED /* testiOSDeveloper.entitlements */ = {isa = PBXFileReference; lastKnownFileType = text.plist.entitlements; path = testiOSDeveloper.entitlements; sourceTree = "<group>"; };
		FA85A6B72C6AC1430028A2ED /* Preview Assets.xcassets */ = {isa = PBXFileReference; lastKnownFileType = folder.assetcatalog; path = "Preview Assets.xcassets"; sourceTree = "<group>"; };
		FA85A6BD2C6AC1440028A2ED /* testiOSDeveloperTests.xctest */ = {isa = PBXFileReference; explicitFileType = wrapper.cfbundle; includeInIndex = 0; path = testiOSDeveloperTests.xctest; sourceTree = BUILT_PRODUCTS_DIR; };
		FA85A6C12C6AC1440028A2ED /* testiOSDeveloperTests.swift */ = {isa = PBXFileReference; lastKnownFileType = sourcecode.swift; path = testiOSDeveloperTests.swift; sourceTree = "<group>"; };
		FA85A6C72C6AC1440028A2ED /* testiOSDeveloperUITests.xctest */ = {isa = PBXFileReference; explicitFileType = wrapper.cfbundle; includeInIndex = 0; path = testiOSDeveloperUITests.xctest; sourceTree = BUILT_PRODUCTS_DIR; };
		FA85A6CB2C6AC1440028A2ED /* testiOSDeveloperUITests.swift */ = {isa = PBXFileReference; lastKnownFileType = sourcecode.swift; path = testiOSDeveloperUITests.swift; sourceTree = "<group>"; };
		FA85A6CD2C6AC1440028A2ED /* testiOSDeveloperUITestsLaunchTests.swift */ = {isa = PBXFileReference; lastKnownFileType = sourcecode.swift; path = testiOSDeveloperUITestsLaunchTests.swift; sourceTree = "<group>"; };
		FAE0074A2C6BF325007EC95A /* PokemonType.swift */ = {isa = PBXFileReference; lastKnownFileType = sourcecode.swift; path = PokemonType.swift; sourceTree = "<group>"; };
		FAE0074C2C6BF33E007EC95A /* PokemonApiService.swift */ = {isa = PBXFileReference; lastKnownFileType = sourcecode.swift; path = PokemonApiService.swift; sourceTree = "<group>"; };
		FAE0074E2C6BF35D007EC95A /* PokemonTypeViewModel.swift */ = {isa = PBXFileReference; lastKnownFileType = sourcecode.swift; path = PokemonTypeViewModel.swift; sourceTree = "<group>"; };
		FAE007502C6BF385007EC95A /* PokemonTypeView.swift */ = {isa = PBXFileReference; lastKnownFileType = sourcecode.swift; path = PokemonTypeView.swift; sourceTree = "<group>"; };
		FAE007522C6BF4C9007EC95A /* PokemonTypeResponse.swift */ = {isa = PBXFileReference; lastKnownFileType = sourcecode.swift; path = PokemonTypeResponse.swift; sourceTree = "<group>"; };
		FAE007542C6BFA99007EC95A /* PokemonTypeDetail.swift */ = {isa = PBXFileReference; lastKnownFileType = sourcecode.swift; path = PokemonTypeDetail.swift; sourceTree = "<group>"; };
		FAE007562C6BFAC5007EC95A /* PokemonTypeDetailViewModel.swift */ = {isa = PBXFileReference; lastKnownFileType = sourcecode.swift; path = PokemonTypeDetailViewModel.swift; sourceTree = "<group>"; };
		FAE007582C6BFAE6007EC95A /* PokemonTypeDetailView.swift */ = {isa = PBXFileReference; lastKnownFileType = sourcecode.swift; path = PokemonTypeDetailView.swift; sourceTree = "<group>"; };
/* End PBXFileReference section */

/* Begin PBXFrameworksBuildPhase section */
		FA85A6A92C6AC1420028A2ED /* Frameworks */ = {
			isa = PBXFrameworksBuildPhase;
			buildActionMask = 2147483647;
			files = (
			);
			runOnlyForDeploymentPostprocessing = 0;
		};
		FA85A6BA2C6AC1430028A2ED /* Frameworks */ = {
			isa = PBXFrameworksBuildPhase;
			buildActionMask = 2147483647;
			files = (
			);
			runOnlyForDeploymentPostprocessing = 0;
		};
		FA85A6C42C6AC1440028A2ED /* Frameworks */ = {
			isa = PBXFrameworksBuildPhase;
			buildActionMask = 2147483647;
			files = (
			);
			runOnlyForDeploymentPostprocessing = 0;
		};
/* End PBXFrameworksBuildPhase section */

/* Begin PBXGroup section */
		FA85A6A32C6AC1420028A2ED = {
			isa = PBXGroup;
			children = (
				FA85A6AE2C6AC1420028A2ED /* testiOSDeveloper */,
				FA85A6C02C6AC1440028A2ED /* testiOSDeveloperTests */,
				FA85A6CA2C6AC1440028A2ED /* testiOSDeveloperUITests */,
				FA85A6AD2C6AC1420028A2ED /* Products */,
			);
			sourceTree = "<group>";
		};
		FA85A6AD2C6AC1420028A2ED /* Products */ = {
			isa = PBXGroup;
			children = (
				FA85A6AC2C6AC1420028A2ED /* testiOSDeveloper.app */,
				FA85A6BD2C6AC1440028A2ED /* testiOSDeveloperTests.xctest */,
				FA85A6C72C6AC1440028A2ED /* testiOSDeveloperUITests.xctest */,
			);
			name = Products;
			sourceTree = "<group>";
		};
		FA85A6AE2C6AC1420028A2ED /* testiOSDeveloper */ = {
			isa = PBXGroup;
			children = (
				FAE007492C6BF2E5007EC95A /* Views */,
				FAE007482C6BF2D8007EC95A /* ViewModels */,
				FAE007472C6BF2CD007EC95A /* Services */,
				FAE007462C6BF2C4007EC95A /* Models */,
				FA85A6AF2C6AC1420028A2ED /* testiOSDeveloperApp.swift */,
				FA85A6B12C6AC1420028A2ED /* ContentView.swift */,
				FA85A6B32C6AC1430028A2ED /* Assets.xcassets */,
				FA85A6B52C6AC1430028A2ED /* testiOSDeveloper.entitlements */,
				FA85A6B62C6AC1430028A2ED /* Preview Content */,
			);
			path = testiOSDeveloper;
			sourceTree = "<group>";
		};
		FA85A6B62C6AC1430028A2ED /* Preview Content */ = {
			isa = PBXGroup;
			children = (
				FA85A6B72C6AC1430028A2ED /* Preview Assets.xcassets */,
			);
			path = "Preview Content";
			sourceTree = "<group>";
		};
		FA85A6C02C6AC1440028A2ED /* testiOSDeveloperTests */ = {
			isa = PBXGroup;
			children = (
				FA85A6C12C6AC1440028A2ED /* testiOSDeveloperTests.swift */,
			);
			path = testiOSDeveloperTests;
			sourceTree = "<group>";
		};
		FA85A6CA2C6AC1440028A2ED /* testiOSDeveloperUITests */ = {
			isa = PBXGroup;
			children = (
				FA85A6CB2C6AC1440028A2ED /* testiOSDeveloperUITests.swift */,
				FA85A6CD2C6AC1440028A2ED /* testiOSDeveloperUITestsLaunchTests.swift */,
			);
			path = testiOSDeveloperUITests;
			sourceTree = "<group>";
		};
		FAE007462C6BF2C4007EC95A /* Models */ = {
			isa = PBXGroup;
			children = (
				FAE0074A2C6BF325007EC95A /* PokemonType.swift */,
				FAE007522C6BF4C9007EC95A /* PokemonTypeResponse.swift */,
				FAE007542C6BFA99007EC95A /* PokemonTypeDetail.swift */,
			);
			path = Models;
			sourceTree = "<group>";
		};
		FAE007472C6BF2CD007EC95A /* Services */ = {
			isa = PBXGroup;
			children = (
				FAE0074C2C6BF33E007EC95A /* PokemonApiService.swift */,
			);
			path = Services;
			sourceTree = "<group>";
		};
		FAE007482C6BF2D8007EC95A /* ViewModels */ = {
			isa = PBXGroup;
			children = (
				FAE0074E2C6BF35D007EC95A /* PokemonTypeViewModel.swift */,
				FAE007562C6BFAC5007EC95A /* PokemonTypeDetailViewModel.swift */,
			);
			path = ViewModels;
			sourceTree = "<group>";
		};
		FAE007492C6BF2E5007EC95A /* Views */ = {
			isa = PBXGroup;
			children = (
				FAE007502C6BF385007EC95A /* PokemonTypeView.swift */,
				FAE007582C6BFAE6007EC95A /* PokemonTypeDetailView.swift */,
			);
			path = Views;
			sourceTree = "<group>";
		};
/* End PBXGroup section */

/* Begin PBXNativeTarget section */
		FA85A6AB2C6AC1420028A2ED /* testiOSDeveloper */ = {
			isa = PBXNativeTarget;
			buildConfigurationList = FA85A6D12C6AC1440028A2ED /* Build configuration list for PBXNativeTarget "testiOSDeveloper" */;
			buildPhases = (
				FA85A6A82C6AC1420028A2ED /* Sources */,
				FA85A6A92C6AC1420028A2ED /* Frameworks */,
				FA85A6AA2C6AC1420028A2ED /* Resources */,
			);
			buildRules = (
			);
			dependencies = (
			);
			name = testiOSDeveloper;
			productName = testiOSDeveloper;
			productReference = FA85A6AC2C6AC1420028A2ED /* testiOSDeveloper.app */;
			productType = "com.apple.product-type.application";
		};
		FA85A6BC2C6AC1430028A2ED /* testiOSDeveloperTests */ = {
			isa = PBXNativeTarget;
			buildConfigurationList = FA85A6D42C6AC1440028A2ED /* Build configuration list for PBXNativeTarget "testiOSDeveloperTests" */;
			buildPhases = (
				FA85A6B92C6AC1430028A2ED /* Sources */,
				FA85A6BA2C6AC1430028A2ED /* Frameworks */,
				FA85A6BB2C6AC1430028A2ED /* Resources */,
			);
			buildRules = (
			);
			dependencies = (
				FA85A6BF2C6AC1440028A2ED /* PBXTargetDependency */,
			);
			name = testiOSDeveloperTests;
			productName = testiOSDeveloperTests;
			productReference = FA85A6BD2C6AC1440028A2ED /* testiOSDeveloperTests.xctest */;
			productType = "com.apple.product-type.bundle.unit-test";
		};
		FA85A6C62C6AC1440028A2ED /* testiOSDeveloperUITests */ = {
			isa = PBXNativeTarget;
			buildConfigurationList = FA85A6D72C6AC1440028A2ED /* Build configuration list for PBXNativeTarget "testiOSDeveloperUITests" */;
			buildPhases = (
				FA85A6C32C6AC1440028A2ED /* Sources */,
				FA85A6C42C6AC1440028A2ED /* Frameworks */,
				FA85A6C52C6AC1440028A2ED /* Resources */,
			);
			buildRules = (
			);
			dependencies = (
				FA85A6C92C6AC1440028A2ED /* PBXTargetDependency */,
			);
			name = testiOSDeveloperUITests;
			productName = testiOSDeveloperUITests;
			productReference = FA85A6C72C6AC1440028A2ED /* testiOSDeveloperUITests.xctest */;
			productType = "com.apple.product-type.bundle.ui-testing";
		};
/* End PBXNativeTarget section */

/* Begin PBXProject section */
		FA85A6A42C6AC1420028A2ED /* Project object */ = {
			isa = PBXProject;
			attributes = {
				BuildIndependentTargetsInParallel = 1;
				LastSwiftUpdateCheck = 1540;
				LastUpgradeCheck = 1540;
				TargetAttributes = {
					FA85A6AB2C6AC1420028A2ED = {
						CreatedOnToolsVersion = 15.4;
					};
					FA85A6BC2C6AC1430028A2ED = {
						CreatedOnToolsVersion = 15.4;
						TestTargetID = FA85A6AB2C6AC1420028A2ED;
					};
					FA85A6C62C6AC1440028A2ED = {
						CreatedOnToolsVersion = 15.4;
						TestTargetID = FA85A6AB2C6AC1420028A2ED;
					};
				};
			};
			buildConfigurationList = FA85A6A72C6AC1420028A2ED /* Build configuration list for PBXProject "testiOSDeveloper" */;
			compatibilityVersion = "Xcode 14.0";
			developmentRegion = en;
			hasScannedForEncodings = 0;
			knownRegions = (
				en,
				Base,
			);
			mainGroup = FA85A6A32C6AC1420028A2ED;
			productRefGroup = FA85A6AD2C6AC1420028A2ED /* Products */;
			projectDirPath = "";
			projectRoot = "";
			targets = (
				FA85A6AB2C6AC1420028A2ED /* testiOSDeveloper */,
				FA85A6BC2C6AC1430028A2ED /* testiOSDeveloperTests */,
				FA85A6C62C6AC1440028A2ED /* testiOSDeveloperUITests */,
			);
		};
/* End PBXProject section */

/* Begin PBXResourcesBuildPhase section */
		FA85A6AA2C6AC1420028A2ED /* Resources */ = {
			isa = PBXResourcesBuildPhase;
			buildActionMask = 2147483647;
			files = (
				FA85A6B82C6AC1430028A2ED /* Preview Assets.xcassets in Resources */,
				FA85A6B42C6AC1430028A2ED /* Assets.xcassets in Resources */,
			);
			runOnlyForDeploymentPostprocessing = 0;
		};
		FA85A6BB2C6AC1430028A2ED /* Resources */ = {
			isa = PBXResourcesBuildPhase;
			buildActionMask = 2147483647;
			files = (
			);
			runOnlyForDeploymentPostprocessing = 0;
		};
		FA85A6C52C6AC1440028A2ED /* Resources */ = {
			isa = PBXResourcesBuildPhase;
			buildActionMask = 2147483647;
			files = (
			);
			runOnlyForDeploymentPostprocessing = 0;
		};
/* End PBXResourcesBuildPhase section */

/* Begin PBXSourcesBuildPhase section */
		FA85A6A82C6AC1420028A2ED /* Sources */ = {
			isa = PBXSourcesBuildPhase;
			buildActionMask = 2147483647;
			files = (
				FAE007552C6BFA99007EC95A /* PokemonTypeDetail.swift in Sources */,
				FAE0074F2C6BF35D007EC95A /* PokemonTypeViewModel.swift in Sources */,
				FAE0074B2C6BF325007EC95A /* PokemonType.swift in Sources */,
				FAE007572C6BFAC5007EC95A /* PokemonTypeDetailViewModel.swift in Sources */,
				FAE007532C6BF4C9007EC95A /* PokemonTypeResponse.swift in Sources */,
				FAE007592C6BFAE6007EC95A /* PokemonTypeDetailView.swift in Sources */,
				FAE007512C6BF385007EC95A /* PokemonTypeView.swift in Sources */,
				FA85A6B22C6AC1420028A2ED /* ContentView.swift in Sources */,
				FAE0074D2C6BF33E007EC95A /* PokemonApiService.swift in Sources */,
				FA85A6B02C6AC1420028A2ED /* testiOSDeveloperApp.swift in Sources */,
			);
			runOnlyForDeploymentPostprocessing = 0;
		};
		FA85A6B92C6AC1430028A2ED /* Sources */ = {
			isa = PBXSourcesBuildPhase;
			buildActionMask = 2147483647;
			files = (
				FA85A6C22C6AC1440028A2ED /* testiOSDeveloperTests.swift in Sources */,
			);
			runOnlyForDeploymentPostprocessing = 0;
		};
		FA85A6C32C6AC1440028A2ED /* Sources */ = {
			isa = PBXSourcesBuildPhase;
			buildActionMask = 2147483647;
			files = (
				FA85A6CC2C6AC1440028A2ED /* testiOSDeveloperUITests.swift in Sources */,
				FA85A6CE2C6AC1440028A2ED /* testiOSDeveloperUITestsLaunchTests.swift in Sources */,
			);
			runOnlyForDeploymentPostprocessing = 0;
		};
/* End PBXSourcesBuildPhase section */

/* Begin PBXTargetDependency section */
		FA85A6BF2C6AC1440028A2ED /* PBXTargetDependency */ = {
			isa = PBXTargetDependency;
			target = FA85A6AB2C6AC1420028A2ED /* testiOSDeveloper */;
			targetProxy = FA85A6BE2C6AC1440028A2ED /* PBXContainerItemProxy */;
		};
		FA85A6C92C6AC1440028A2ED /* PBXTargetDependency */ = {
			isa = PBXTargetDependency;
			target = FA85A6AB2C6AC1420028A2ED /* testiOSDeveloper */;
			targetProxy = FA85A6C82C6AC1440028A2ED /* PBXContainerItemProxy */;
		};
/* End PBXTargetDependency section */

/* Begin XCBuildConfiguration section */
		FA85A6CF2C6AC1440028A2ED /* Debug */ = {
			isa = XCBuildConfiguration;
			buildSettings = {
				ALWAYS_SEARCH_USER_PATHS = NO;
				ASSETCATALOG_COMPILER_GENERATE_SWIFT_ASSET_SYMBOL_EXTENSIONS = YES;
				CLANG_ANALYZER_NONNULL = YES;
				CLANG_ANALYZER_NUMBER_OBJECT_CONVERSION = YES_AGGRESSIVE;
				CLANG_CXX_LANGUAGE_STANDARD = "gnu++20";
				CLANG_ENABLE_MODULES = YES;
				CLANG_ENABLE_OBJC_ARC = YES;
				CLANG_ENABLE_OBJC_WEAK = YES;
				CLANG_WARN_BLOCK_CAPTURE_AUTORELEASING = YES;
				CLANG_WARN_BOOL_CONVERSION = YES;
				CLANG_WARN_COMMA = YES;
				CLANG_WARN_CONSTANT_CONVERSION = YES;
				CLANG_WARN_DEPRECATED_OBJC_IMPLEMENTATIONS = YES;
				CLANG_WARN_DIRECT_OBJC_ISA_USAGE = YES_ERROR;
				CLANG_WARN_DOCUMENTATION_COMMENTS = YES;
				CLANG_WARN_EMPTY_BODY = YES;
				CLANG_WARN_ENUM_CONVERSION = YES;
				CLANG_WARN_INFINITE_RECURSION = YES;
				CLANG_WARN_INT_CONVERSION = YES;
				CLANG_WARN_NON_LITERAL_NULL_CONVERSION = YES;
				CLANG_WARN_OBJC_IMPLICIT_RETAIN_SELF = YES;
				CLANG_WARN_OBJC_LITERAL_CONVERSION = YES;
				CLANG_WARN_OBJC_ROOT_CLASS = YES_ERROR;
				CLANG_WARN_QUOTED_INCLUDE_IN_FRAMEWORK_HEADER = YES;
				CLANG_WARN_RANGE_LOOP_ANALYSIS = YES;
				CLANG_WARN_STRICT_PROTOTYPES = YES;
				CLANG_WARN_SUSPICIOUS_MOVE = YES;
				CLANG_WARN_UNGUARDED_AVAILABILITY = YES_AGGRESSIVE;
				CLANG_WARN_UNREACHABLE_CODE = YES;
				CLANG_WARN__DUPLICATE_METHOD_MATCH = YES;
				COPY_PHASE_STRIP = NO;
				DEBUG_INFORMATION_FORMAT = dwarf;
				ENABLE_STRICT_OBJC_MSGSEND = YES;
				ENABLE_TESTABILITY = YES;
				ENABLE_USER_SCRIPT_SANDBOXING = YES;
				GCC_C_LANGUAGE_STANDARD = gnu17;
				GCC_DYNAMIC_NO_PIC = NO;
				GCC_NO_COMMON_BLOCKS = YES;
				GCC_OPTIMIZATION_LEVEL = 0;
				GCC_PREPROCESSOR_DEFINITIONS = (
					"DEBUG=1",
					"$(inherited)",
				);
				GCC_WARN_64_TO_32_BIT_CONVERSION = YES;
				GCC_WARN_ABOUT_RETURN_TYPE = YES_ERROR;
				GCC_WARN_UNDECLARED_SELECTOR = YES;
				GCC_WARN_UNINITIALIZED_AUTOS = YES_AGGRESSIVE;
				GCC_WARN_UNUSED_FUNCTION = YES;
				GCC_WARN_UNUSED_VARIABLE = YES;
				LOCALIZATION_PREFERS_STRING_CATALOGS = YES;
				MTL_ENABLE_DEBUG_INFO = INCLUDE_SOURCE;
				MTL_FAST_MATH = YES;
				ONLY_ACTIVE_ARCH = YES;
				SWIFT_ACTIVE_COMPILATION_CONDITIONS = "DEBUG $(inherited)";
				SWIFT_OPTIMIZATION_LEVEL = "-Onone";
			};
			name = Debug;
		};
		FA85A6D02C6AC1440028A2ED /* Release */ = {
			isa = XCBuildConfiguration;
			buildSettings = {
				ALWAYS_SEARCH_USER_PATHS = NO;
				ASSETCATALOG_COMPILER_GENERATE_SWIFT_ASSET_SYMBOL_EXTENSIONS = YES;
				CLANG_ANALYZER_NONNULL = YES;
				CLANG_ANALYZER_NUMBER_OBJECT_CONVERSION = YES_AGGRESSIVE;
				CLANG_CXX_LANGUAGE_STANDARD = "gnu++20";
				CLANG_ENABLE_MODULES = YES;
				CLANG_ENABLE_OBJC_ARC = YES;
				CLANG_ENABLE_OBJC_WEAK = YES;
				CLANG_WARN_BLOCK_CAPTURE_AUTORELEASING = YES;
				CLANG_WARN_BOOL_CONVERSION = YES;
				CLANG_WARN_COMMA = YES;
				CLANG_WARN_CONSTANT_CONVERSION = YES;
				CLANG_WARN_DEPRECATED_OBJC_IMPLEMENTATIONS = YES;
				CLANG_WARN_DIRECT_OBJC_ISA_USAGE = YES_ERROR;
				CLANG_WARN_DOCUMENTATION_COMMENTS = YES;
				CLANG_WARN_EMPTY_BODY = YES;
				CLANG_WARN_ENUM_CONVERSION = YES;
				CLANG_WARN_INFINITE_RECURSION = YES;
				CLANG_WARN_INT_CONVERSION = YES;
				CLANG_WARN_NON_LITERAL_NULL_CONVERSION = YES;
				CLANG_WARN_OBJC_IMPLICIT_RETAIN_SELF = YES;
				CLANG_WARN_OBJC_LITERAL_CONVERSION = YES;
				CLANG_WARN_OBJC_ROOT_CLASS = YES_ERROR;
				CLANG_WARN_QUOTED_INCLUDE_IN_FRAMEWORK_HEADER = YES;
				CLANG_WARN_RANGE_LOOP_ANALYSIS = YES;
				CLANG_WARN_STRICT_PROTOTYPES = YES;
				CLANG_WARN_SUSPICIOUS_MOVE = YES;
				CLANG_WARN_UNGUARDED_AVAILABILITY = YES_AGGRESSIVE;
				CLANG_WARN_UNREACHABLE_CODE = YES;
				CLANG_WARN__DUPLICATE_METHOD_MATCH = YES;
				COPY_PHASE_STRIP = NO;
				DEBUG_INFORMATION_FORMAT = "dwarf-with-dsym";
				ENABLE_NS_ASSERTIONS = NO;
				ENABLE_STRICT_OBJC_MSGSEND = YES;
				ENABLE_USER_SCRIPT_SANDBOXING = YES;
				GCC_C_LANGUAGE_STANDARD = gnu17;
				GCC_NO_COMMON_BLOCKS = YES;
				GCC_WARN_64_TO_32_BIT_CONVERSION = YES;
				GCC_WARN_ABOUT_RETURN_TYPE = YES_ERROR;
				GCC_WARN_UNDECLARED_SELECTOR = YES;
				GCC_WARN_UNINITIALIZED_AUTOS = YES_AGGRESSIVE;
				GCC_WARN_UNUSED_FUNCTION = YES;
				GCC_WARN_UNUSED_VARIABLE = YES;
				LOCALIZATION_PREFERS_STRING_CATALOGS = YES;
				MTL_ENABLE_DEBUG_INFO = NO;
				MTL_FAST_MATH = YES;
				SWIFT_COMPILATION_MODE = wholemodule;
			};
			name = Release;
		};
		FA85A6D22C6AC1440028A2ED /* Debug */ = {
			isa = XCBuildConfiguration;
			buildSettings = {
				ASSETCATALOG_COMPILER_APPICON_NAME = AppIcon;
				ASSETCATALOG_COMPILER_GLOBAL_ACCENT_COLOR_NAME = AccentColor;
				CODE_SIGN_ENTITLEMENTS = testiOSDeveloper/testiOSDeveloper.entitlements;
				CODE_SIGN_STYLE = Automatic;
				CURRENT_PROJECT_VERSION = 1;
				DEVELOPMENT_ASSET_PATHS = "\"testiOSDeveloper/Preview Content\"";
				DEVELOPMENT_TEAM = 6J6Q6D8YX3;
				ENABLE_HARDENED_RUNTIME = YES;
				ENABLE_PREVIEWS = YES;
				GENERATE_INFOPLIST_FILE = YES;
				"INFOPLIST_KEY_UIApplicationSceneManifest_Generation[sdk=iphoneos*]" = YES;
				"INFOPLIST_KEY_UIApplicationSceneManifest_Generation[sdk=iphonesimulator*]" = YES;
				"INFOPLIST_KEY_UIApplicationSupportsIndirectInputEvents[sdk=iphoneos*]" = YES;
				"INFOPLIST_KEY_UIApplicationSupportsIndirectInputEvents[sdk=iphonesimulator*]" = YES;
				"INFOPLIST_KEY_UILaunchScreen_Generation[sdk=iphoneos*]" = YES;
				"INFOPLIST_KEY_UILaunchScreen_Generation[sdk=iphonesimulator*]" = YES;
				"INFOPLIST_KEY_UIStatusBarStyle[sdk=iphoneos*]" = UIStatusBarStyleDefault;
				"INFOPLIST_KEY_UIStatusBarStyle[sdk=iphonesimulator*]" = UIStatusBarStyleDefault;
				INFOPLIST_KEY_UISupportedInterfaceOrientations_iPad = "UIInterfaceOrientationPortrait UIInterfaceOrientationPortraitUpsideDown UIInterfaceOrientationLandscapeLeft UIInterfaceOrientationLandscapeRight";
				INFOPLIST_KEY_UISupportedInterfaceOrientations_iPhone = "UIInterfaceOrientationPortrait UIInterfaceOrientationLandscapeLeft UIInterfaceOrientationLandscapeRight";
				IPHONEOS_DEPLOYMENT_TARGET = 17.5;
				LD_RUNPATH_SEARCH_PATHS = "@executable_path/Frameworks";
				"LD_RUNPATH_SEARCH_PATHS[sdk=macosx*]" = "@executable_path/../Frameworks";
				MACOSX_DEPLOYMENT_TARGET = 14.5;
				MARKETING_VERSION = 1.0;
				PRODUCT_BUNDLE_IDENTIFIER = Personal.peralta.testiOSDeveloper;
				PRODUCT_NAME = "$(TARGET_NAME)";
				SDKROOT = auto;
				SUPPORTED_PLATFORMS = "iphoneos iphonesimulator macosx";
				SWIFT_EMIT_LOC_STRINGS = YES;
				SWIFT_VERSION = 5.0;
				TARGETED_DEVICE_FAMILY = "1,2";
			};
			name = Debug;
		};
		FA85A6D32C6AC1440028A2ED /* Release */ = {
			isa = XCBuildConfiguration;
			buildSettings = {
				ASSETCATALOG_COMPILER_APPICON_NAME = AppIcon;
				ASSETCATALOG_COMPILER_GLOBAL_ACCENT_COLOR_NAME = AccentColor;
				CODE_SIGN_ENTITLEMENTS = testiOSDeveloper/testiOSDeveloper.entitlements;
				CODE_SIGN_STYLE = Automatic;
				CURRENT_PROJECT_VERSION = 1;
				DEVELOPMENT_ASSET_PATHS = "\"testiOSDeveloper/Preview Content\"";
				DEVELOPMENT_TEAM = 6J6Q6D8YX3;
				ENABLE_HARDENED_RUNTIME = YES;
				ENABLE_PREVIEWS = YES;
				GENERATE_INFOPLIST_FILE = YES;
				"INFOPLIST_KEY_UIApplicationSceneManifest_Generation[sdk=iphoneos*]" = YES;
				"INFOPLIST_KEY_UIApplicationSceneManifest_Generation[sdk=iphonesimulator*]" = YES;
				"INFOPLIST_KEY_UIApplicationSupportsIndirectInputEvents[sdk=iphoneos*]" = YES;
				"INFOPLIST_KEY_UIApplicationSupportsIndirectInputEvents[sdk=iphonesimulator*]" = YES;
				"INFOPLIST_KEY_UILaunchScreen_Generation[sdk=iphoneos*]" = YES;
				"INFOPLIST_KEY_UILaunchScreen_Generation[sdk=iphonesimulator*]" = YES;
				"INFOPLIST_KEY_UIStatusBarStyle[sdk=iphoneos*]" = UIStatusBarStyleDefault;
				"INFOPLIST_KEY_UIStatusBarStyle[sdk=iphonesimulator*]" = UIStatusBarStyleDefault;
				INFOPLIST_KEY_UISupportedInterfaceOrientations_iPad = "UIInterfaceOrientationPortrait UIInterfaceOrientationPortraitUpsideDown UIInterfaceOrientationLandscapeLeft UIInterfaceOrientationLandscapeRight";
				INFOPLIST_KEY_UISupportedInterfaceOrientations_iPhone = "UIInterfaceOrientationPortrait UIInterfaceOrientationLandscapeLeft UIInterfaceOrientationLandscapeRight";
				IPHONEOS_DEPLOYMENT_TARGET = 17.5;
				LD_RUNPATH_SEARCH_PATHS = "@executable_path/Frameworks";
				"LD_RUNPATH_SEARCH_PATHS[sdk=macosx*]" = "@executable_path/../Frameworks";
				MACOSX_DEPLOYMENT_TARGET = 14.5;
				MARKETING_VERSION = 1.0;
				PRODUCT_BUNDLE_IDENTIFIER = Personal.peralta.testiOSDeveloper;
				PRODUCT_NAME = "$(TARGET_NAME)";
				SDKROOT = auto;
				SUPPORTED_PLATFORMS = "iphoneos iphonesimulator macosx";
				SWIFT_EMIT_LOC_STRINGS = YES;
				SWIFT_VERSION = 5.0;
				TARGETED_DEVICE_FAMILY = "1,2";
			};
			name = Release;
		};
		FA85A6D52C6AC1440028A2ED /* Debug */ = {
			isa = XCBuildConfiguration;
			buildSettings = {
				ALWAYS_EMBED_SWIFT_STANDARD_LIBRARIES = YES;
				BUNDLE_LOADER = "$(TEST_HOST)";
				CODE_SIGN_STYLE = Automatic;
				CURRENT_PROJECT_VERSION = 1;
				DEVELOPMENT_TEAM = 6J6Q6D8YX3;
				GENERATE_INFOPLIST_FILE = YES;
				IPHONEOS_DEPLOYMENT_TARGET = 17.5;
				MACOSX_DEPLOYMENT_TARGET = 14.5;
				MARKETING_VERSION = 1.0;
				PRODUCT_BUNDLE_IDENTIFIER = Personal.peralta.testiOSDeveloperTests;
				PRODUCT_NAME = "$(TARGET_NAME)";
				SDKROOT = auto;
				SUPPORTED_PLATFORMS = "iphoneos iphonesimulator macosx";
				SWIFT_EMIT_LOC_STRINGS = NO;
				SWIFT_VERSION = 5.0;
				TARGETED_DEVICE_FAMILY = "1,2";
				TEST_HOST = "$(BUILT_PRODUCTS_DIR)/testiOSDeveloper.app/$(BUNDLE_EXECUTABLE_FOLDER_PATH)/testiOSDeveloper";
			};
			name = Debug;
		};
		FA85A6D62C6AC1440028A2ED /* Release */ = {
			isa = XCBuildConfiguration;
			buildSettings = {
				ALWAYS_EMBED_SWIFT_STANDARD_LIBRARIES = YES;
				BUNDLE_LOADER = "$(TEST_HOST)";
				CODE_SIGN_STYLE = Automatic;
				CURRENT_PROJECT_VERSION = 1;
				DEVELOPMENT_TEAM = 6J6Q6D8YX3;
				GENERATE_INFOPLIST_FILE = YES;
				IPHONEOS_DEPLOYMENT_TARGET = 17.5;
				MACOSX_DEPLOYMENT_TARGET = 14.5;
				MARKETING_VERSION = 1.0;
				PRODUCT_BUNDLE_IDENTIFIER = Personal.peralta.testiOSDeveloperTests;
				PRODUCT_NAME = "$(TARGET_NAME)";
				SDKROOT = auto;
				SUPPORTED_PLATFORMS = "iphoneos iphonesimulator macosx";
				SWIFT_EMIT_LOC_STRINGS = NO;
				SWIFT_VERSION = 5.0;
				TARGETED_DEVICE_FAMILY = "1,2";
				TEST_HOST = "$(BUILT_PRODUCTS_DIR)/testiOSDeveloper.app/$(BUNDLE_EXECUTABLE_FOLDER_PATH)/testiOSDeveloper";
			};
			name = Release;
		};
		FA85A6D82C6AC1440028A2ED /* Debug */ = {
			isa = XCBuildConfiguration;
			buildSettings = {
				ALWAYS_EMBED_SWIFT_STANDARD_LIBRARIES = YES;
				CODE_SIGN_STYLE = Automatic;
				CURRENT_PROJECT_VERSION = 1;
				DEVELOPMENT_TEAM = 6J6Q6D8YX3;
				GENERATE_INFOPLIST_FILE = YES;
				IPHONEOS_DEPLOYMENT_TARGET = 17.5;
				MACOSX_DEPLOYMENT_TARGET = 14.5;
				MARKETING_VERSION = 1.0;
				PRODUCT_BUNDLE_IDENTIFIER = Personal.peralta.testiOSDeveloperUITests;
				PRODUCT_NAME = "$(TARGET_NAME)";
				SDKROOT = auto;
				SUPPORTED_PLATFORMS = "iphoneos iphonesimulator macosx";
				SWIFT_EMIT_LOC_STRINGS = NO;
				SWIFT_VERSION = 5.0;
				TARGETED_DEVICE_FAMILY = "1,2";
				TEST_TARGET_NAME = testiOSDeveloper;
			};
			name = Debug;
		};
		FA85A6D92C6AC1440028A2ED /* Release */ = {
			isa = XCBuildConfiguration;
			buildSettings = {
				ALWAYS_EMBED_SWIFT_STANDARD_LIBRARIES = YES;
				CODE_SIGN_STYLE = Automatic;
				CURRENT_PROJECT_VERSION = 1;
				DEVELOPMENT_TEAM = 6J6Q6D8YX3;
				GENERATE_INFOPLIST_FILE = YES;
				IPHONEOS_DEPLOYMENT_TARGET = 17.5;
				MACOSX_DEPLOYMENT_TARGET = 14.5;
				MARKETING_VERSION = 1.0;
				PRODUCT_BUNDLE_IDENTIFIER = Personal.peralta.testiOSDeveloperUITests;
				PRODUCT_NAME = "$(TARGET_NAME)";
				SDKROOT = auto;
				SUPPORTED_PLATFORMS = "iphoneos iphonesimulator macosx";
				SWIFT_EMIT_LOC_STRINGS = NO;
				SWIFT_VERSION = 5.0;
				TARGETED_DEVICE_FAMILY = "1,2";
				TEST_TARGET_NAME = testiOSDeveloper;
			};
			name = Release;
		};
/* End XCBuildConfiguration section */

/* Begin XCConfigurationList section */
		FA85A6A72C6AC1420028A2ED /* Build configuration list for PBXProject "testiOSDeveloper" */ = {
			isa = XCConfigurationList;
			buildConfigurations = (
				FA85A6CF2C6AC1440028A2ED /* Debug */,
				FA85A6D02C6AC1440028A2ED /* Release */,
			);
			defaultConfigurationIsVisible = 0;
			defaultConfigurationName = Release;
		};
		FA85A6D12C6AC1440028A2ED /* Build configuration list for PBXNativeTarget "testiOSDeveloper" */ = {
			isa = XCConfigurationList;
			buildConfigurations = (
				FA85A6D22C6AC1440028A2ED /* Debug */,
				FA85A6D32C6AC1440028A2ED /* Release */,
			);
			defaultConfigurationIsVisible = 0;
			defaultConfigurationName = Release;
		};
		FA85A6D42C6AC1440028A2ED /* Build configuration list for PBXNativeTarget "testiOSDeveloperTests" */ = {
			isa = XCConfigurationList;
			buildConfigurations = (
				FA85A6D52C6AC1440028A2ED /* Debug */,
				FA85A6D62C6AC1440028A2ED /* Release */,
			);
			defaultConfigurationIsVisible = 0;
			defaultConfigurationName = Release;
		};
		FA85A6D72C6AC1440028A2ED /* Build configuration list for PBXNativeTarget "testiOSDeveloperUITests" */ = {
			isa = XCConfigurationList;
			buildConfigurations = (
				FA85A6D82C6AC1440028A2ED /* Debug */,
				FA85A6D92C6AC1440028A2ED /* Release */,
			);
			defaultConfigurationIsVisible = 0;
			defaultConfigurationName = Release;
		};
/* End XCConfigurationList section */
	};
	rootObject = FA85A6A42C6AC1420028A2ED /* Project object */;
}
